// !$*UTF8*$!
{
	archiveVersion = 1;
	classes = {
	};
	objectVersion = 46;
	objects = {

/* Begin PBXBuildFile section */
		2BD88CA91860313600AA731A /* TabBarItem.m in Sources */ = {isa = PBXBuildFile; fileRef = 2BD88CA81860313600AA731A /* TabBarItem.m */; };
		2BD88CB2186032E900AA731A /* First1ViewController.m in Sources */ = {isa = PBXBuildFile; fileRef = 2BD88CB0186032E900AA731A /* First1ViewController.m */; };
		2BD88CB3186032E900AA731A /* First1ViewController.xib in Resources */ = {isa = PBXBuildFile; fileRef = 2BD88CB1186032E900AA731A /* First1ViewController.xib */; };
		2BD88CB7186032F600AA731A /* Second1ViewController.m in Sources */ = {isa = PBXBuildFile; fileRef = 2BD88CB5186032F600AA731A /* Second1ViewController.m */; };
		2BD88CB8186032F600AA731A /* Second1ViewController.xib in Resources */ = {isa = PBXBuildFile; fileRef = 2BD88CB6186032F600AA731A /* Second1ViewController.xib */; };
		2BD88CBC1860330100AA731A /* Three1ViewController.m in Sources */ = {isa = PBXBuildFile; fileRef = 2BD88CBA1860330100AA731A /* Three1ViewController.m */; };
		2BD88CBD1860330100AA731A /* Three1ViewController.xib in Resources */ = {isa = PBXBuildFile; fileRef = 2BD88CBB1860330100AA731A /* Three1ViewController.xib */; };
		2BD88CC11860331500AA731A /* Four1ViewController.m in Sources */ = {isa = PBXBuildFile; fileRef = 2BD88CBF1860331500AA731A /* Four1ViewController.m */; };
		2BD88CC21860331500AA731A /* Four1ViewController.xib in Resources */ = {isa = PBXBuildFile; fileRef = 2BD88CC01860331500AA731A /* Four1ViewController.xib */; };
		2BE8BACA18601BB200E6C780 /* UIKit.framework in Frameworks */ = {isa = PBXBuildFile; fileRef = 2BE8BAC918601BB200E6C780 /* UIKit.framework */; };
		2BE8BACC18601BB200E6C780 /* Foundation.framework in Frameworks */ = {isa = PBXBuildFile; fileRef = 2BE8BACB18601BB200E6C780 /* Foundation.framework */; };
		2BE8BACE18601BB200E6C780 /* CoreGraphics.framework in Frameworks */ = {isa = PBXBuildFile; fileRef = 2BE8BACD18601BB200E6C780 /* CoreGraphics.framework */; };
		2BE8BAD018601BB200E6C780 /* CoreData.framework in Frameworks */ = {isa = PBXBuildFile; fileRef = 2BE8BACF18601BB200E6C780 /* CoreData.framework */; };
		2BE8BAD618601BB200E6C780 /* InfoPlist.strings in Resources */ = {isa = PBXBuildFile; fileRef = 2BE8BAD418601BB200E6C780 /* InfoPlist.strings */; };
		2BE8BAD818601BB200E6C780 /* main.m in Sources */ = {isa = PBXBuildFile; fileRef = 2BE8BAD718601BB200E6C780 /* main.m */; };
		2BE8BADC18601BB200E6C780 /* AppDelegate.m in Sources */ = {isa = PBXBuildFile; fileRef = 2BE8BADB18601BB200E6C780 /* AppDelegate.m */; };
		2BE8BADE18601BB200E6C780 /* Default.png in Resources */ = {isa = PBXBuildFile; fileRef = 2BE8BADD18601BB200E6C780 /* Default.png */; };
		2BE8BAE018601BB200E6C780 /* Default@2x.png in Resources */ = {isa = PBXBuildFile; fileRef = 2BE8BADF18601BB200E6C780 /* Default@2x.png */; };
		2BE8BAE218601BB200E6C780 /* Default-568h@2x.png in Resources */ = {isa = PBXBuildFile; fileRef = 2BE8BAE118601BB200E6C780 /* Default-568h@2x.png */; };
		2BE8BAE518601BB300E6C780 /* woshimingxing.xcdatamodeld in Sources */ = {isa = PBXBuildFile; fileRef = 2BE8BAE318601BB200E6C780 /* woshimingxing.xcdatamodeld */; };
		2BE8BAEF18601BED00E6C780 /* MainViewController.m in Sources */ = {isa = PBXBuildFile; fileRef = 2BE8BAEE18601BED00E6C780 /* MainViewController.m */; };
		2BE8BAF318601C3C00E6C780 /* BaseViewController.m in Sources */ = {isa = PBXBuildFile; fileRef = 2BE8BAF118601C3C00E6C780 /* BaseViewController.m */; };
		2BE8BAF418601C3C00E6C780 /* BaseViewController.xib in Resources */ = {isa = PBXBuildFile; fileRef = 2BE8BAF218601C3C00E6C780 /* BaseViewController.xib */; };
		2BE8BAF818601C5300E6C780 /* NavRootViewController.m in Sources */ = {isa = PBXBuildFile; fileRef = 2BE8BAF618601C5300E6C780 /* NavRootViewController.m */; };
		2BE8BAF918601C5300E6C780 /* NavRootViewController.xib in Resources */ = {isa = PBXBuildFile; fileRef = 2BE8BAF718601C5300E6C780 /* NavRootViewController.xib */; };
		2BE8BAFD18601C6000E6C780 /* NormalViewController.m in Sources */ = {isa = PBXBuildFile; fileRef = 2BE8BAFB18601C6000E6C780 /* NormalViewController.m */; };
		2BE8BAFE18601C6000E6C780 /* NormalViewController.xib in Resources */ = {isa = PBXBuildFile; fileRef = 2BE8BAFC18601C6000E6C780 /* NormalViewController.xib */; };
		2BE8BB0918601C8500E6C780 /* tabbar_1.png in Resources */ = {isa = PBXBuildFile; fileRef = 2BE8BB0118601C8500E6C780 /* tabbar_1.png */; };
		2BE8BB0A18601C8500E6C780 /* tabbar_2.png in Resources */ = {isa = PBXBuildFile; fileRef = 2BE8BB0218601C8500E6C780 /* tabbar_2.png */; };
		2BE8BB0B18601C8500E6C780 /* tabbar_3.png in Resources */ = {isa = PBXBuildFile; fileRef = 2BE8BB0318601C8500E6C780 /* tabbar_3.png */; };
		2BE8BB0C18601C8500E6C780 /* tabbar_4.png in Resources */ = {isa = PBXBuildFile; fileRef = 2BE8BB0418601C8500E6C780 /* tabbar_4.png */; };
		2BE8BB0D18601C8500E6C780 /* selecttabbar_1.png in Resources */ = {isa = PBXBuildFile; fileRef = 2BE8BB0518601C8500E6C780 /* selecttabbar_1.png */; };
		2BE8BB0E18601C8500E6C780 /* selecttabbar_3.png in Resources */ = {isa = PBXBuildFile; fileRef = 2BE8BB0618601C8500E6C780 /* selecttabbar_3.png */; };
		2BE8BB0F18601C8500E6C780 /* selecttabbar_2.png in Resources */ = {isa = PBXBuildFile; fileRef = 2BE8BB0718601C8500E6C780 /* selecttabbar_2.png */; };
		2BE8BB1018601C8500E6C780 /* selecttabbar_4.png in Resources */ = {isa = PBXBuildFile; fileRef = 2BE8BB0818601C8500E6C780 /* selecttabbar_4.png */; };
		2BE8BB1518601CAF00E6C780 /* FirstViewController.m in Sources */ = {isa = PBXBuildFile; fileRef = 2BE8BB1318601CAF00E6C780 /* FirstViewController.m */; };
		2BE8BB1618601CAF00E6C780 /* FirstViewController.xib in Resources */ = {isa = PBXBuildFile; fileRef = 2BE8BB1418601CAF00E6C780 /* FirstViewController.xib */; };
		2BE8BB1A18601CBB00E6C780 /* SecondViewController.m in Sources */ = {isa = PBXBuildFile; fileRef = 2BE8BB1818601CBB00E6C780 /* SecondViewController.m */; };
		2BE8BB1B18601CBB00E6C780 /* SecondViewController.xib in Resources */ = {isa = PBXBuildFile; fileRef = 2BE8BB1918601CBB00E6C780 /* SecondViewController.xib */; };
		2BE8BB1F18601CD200E6C780 /* ThreeViewController.m in Sources */ = {isa = PBXBuildFile; fileRef = 2BE8BB1D18601CD200E6C780 /* ThreeViewController.m */; };
		2BE8BB2018601CD200E6C780 /* ThreeViewController.xib in Resources */ = {isa = PBXBuildFile; fileRef = 2BE8BB1E18601CD200E6C780 /* ThreeViewController.xib */; };
		2BE8BB2418601CDF00E6C780 /* FourViewController.m in Sources */ = {isa = PBXBuildFile; fileRef = 2BE8BB2218601CDF00E6C780 /* FourViewController.m */; };
		2BE8BB2518601CDF00E6C780 /* FourViewController.xib in Resources */ = {isa = PBXBuildFile; fileRef = 2BE8BB2318601CDF00E6C780 /* FourViewController.xib */; };
/* End PBXBuildFile section */

/* Begin PBXFileReference section */
		2BD88CA71860313600AA731A /* TabBarItem.h */ = {isa = PBXFileReference; fileEncoding = 4; lastKnownFileType = sourcecode.c.h; path = TabBarItem.h; sourceTree = "<group>"; };
		2BD88CA81860313600AA731A /* TabBarItem.m */ = {isa = PBXFileReference; fileEncoding = 4; lastKnownFileType = sourcecode.c.objc; path = TabBarItem.m; sourceTree = "<group>"; };
		2BD88CAF186032E900AA731A /* First1ViewController.h */ = {isa = PBXFileReference; fileEncoding = 4; lastKnownFileType = sourcecode.c.h; path = First1ViewController.h; sourceTree = "<group>"; };
		2BD88CB0186032E900AA731A /* First1ViewController.m */ = {isa = PBXFileReference; fileEncoding = 4; lastKnownFileType = sourcecode.c.objc; path = First1ViewController.m; sourceTree = "<group>"; };
		2BD88CB1186032E900AA731A /* First1ViewController.xib */ = {isa = PBXFileReference; fileEncoding = 4; lastKnownFileType = file.xib; path = First1ViewController.xib; sourceTree = "<group>"; };
		2BD88CB4186032F600AA731A /* Second1ViewController.h */ = {isa = PBXFileReference; fileEncoding = 4; lastKnownFileType = sourcecode.c.h; path = Second1ViewController.h; sourceTree = "<group>"; };
		2BD88CB5186032F600AA731A /* Second1ViewController.m */ = {isa = PBXFileReference; fileEncoding = 4; lastKnownFileType = sourcecode.c.objc; path = Second1ViewController.m; sourceTree = "<group>"; };
		2BD88CB6186032F600AA731A /* Second1ViewController.xib */ = {isa = PBXFileReference; fileEncoding = 4; lastKnownFileType = file.xib; path = Second1ViewController.xib; sourceTree = "<group>"; };
		2BD88CB91860330100AA731A /* Three1ViewController.h */ = {isa = PBXFileReference; fileEncoding = 4; lastKnownFileType = sourcecode.c.h; path = Three1ViewController.h; sourceTree = "<group>"; };
		2BD88CBA1860330100AA731A /* Three1ViewController.m */ = {isa = PBXFileReference; fileEncoding = 4; lastKnownFileType = sourcecode.c.objc; path = Three1ViewController.m; sourceTree = "<group>"; };
		2BD88CBB1860330100AA731A /* Three1ViewController.xib */ = {isa = PBXFileReference; fileEncoding = 4; lastKnownFileType = file.xib; path = Three1ViewController.xib; sourceTree = "<group>"; };
		2BD88CBE1860331500AA731A /* Four1ViewController.h */ = {isa = PBXFileReference; fileEncoding = 4; lastKnownFileType = sourcecode.c.h; path = Four1ViewController.h; sourceTree = "<group>"; };
		2BD88CBF1860331500AA731A /* Four1ViewController.m */ = {isa = PBXFileReference; fileEncoding = 4; lastKnownFileType = sourcecode.c.objc; path = Four1ViewController.m; sourceTree = "<group>"; };
		2BD88CC01860331500AA731A /* Four1ViewController.xib */ = {isa = PBXFileReference; fileEncoding = 4; lastKnownFileType = file.xib; path = Four1ViewController.xib; sourceTree = "<group>"; };
		2BE8BAC618601BB200E6C780 /* woshimingxing.app */ = {isa = PBXFileReference; explicitFileType = wrapper.application; includeInIndex = 0; path = woshimingxing.app; sourceTree = BUILT_PRODUCTS_DIR; };
		2BE8BAC918601BB200E6C780 /* UIKit.framework */ = {isa = PBXFileReference; lastKnownFileType = wrapper.framework; name = UIKit.framework; path = System/Library/Frameworks/UIKit.framework; sourceTree = SDKROOT; };
		2BE8BACB18601BB200E6C780 /* Foundation.framework */ = {isa = PBXFileReference; lastKnownFileType = wrapper.framework; name = Foundation.framework; path = System/Library/Frameworks/Foundation.framework; sourceTree = SDKROOT; };
		2BE8BACD18601BB200E6C780 /* CoreGraphics.framework */ = {isa = PBXFileReference; lastKnownFileType = wrapper.framework; name = CoreGraphics.framework; path = System/Library/Frameworks/CoreGraphics.framework; sourceTree = SDKROOT; };
		2BE8BACF18601BB200E6C780 /* CoreData.framework */ = {isa = PBXFileReference; lastKnownFileType = wrapper.framework; name = CoreData.framework; path = System/Library/Frameworks/CoreData.framework; sourceTree = SDKROOT; };
		2BE8BAD318601BB200E6C780 /* woshimingxing-Info.plist */ = {isa = PBXFileReference; lastKnownFileType = text.plist.xml; path = "woshimingxing-Info.plist"; sourceTree = "<group>"; };
		2BE8BAD518601BB200E6C780 /* en */ = {isa = PBXFileReference; lastKnownFileType = text.plist.strings; name = en; path = en.lproj/InfoPlist.strings; sourceTree = "<group>"; };
		2BE8BAD718601BB200E6C780 /* main.m */ = {isa = PBXFileReference; lastKnownFileType = sourcecode.c.objc; path = main.m; sourceTree = "<group>"; };
		2BE8BAD918601BB200E6C780 /* woshimingxing-Prefix.pch */ = {isa = PBXFileReference; lastKnownFileType = sourcecode.c.h; path = "woshimingxing-Prefix.pch"; sourceTree = "<group>"; };
		2BE8BADA18601BB200E6C780 /* AppDelegate.h */ = {isa = PBXFileReference; lastKnownFileType = sourcecode.c.h; path = AppDelegate.h; sourceTree = "<group>"; };
		2BE8BADB18601BB200E6C780 /* AppDelegate.m */ = {isa = PBXFileReference; lastKnownFileType = sourcecode.c.objc; path = AppDelegate.m; sourceTree = "<group>"; };
		2BE8BADD18601BB200E6C780 /* Default.png */ = {isa = PBXFileReference; lastKnownFileType = image.png; path = Default.png; sourceTree = "<group>"; };
		2BE8BADF18601BB200E6C780 /* Default@2x.png */ = {isa = PBXFileReference; lastKnownFileType = image.png; path = "Default@2x.png"; sourceTree = "<group>"; };
		2BE8BAE118601BB200E6C780 /* Default-568h@2x.png */ = {isa = PBXFileReference; lastKnownFileType = image.png; path = "Default-568h@2x.png"; sourceTree = "<group>"; };
		2BE8BAE418601BB200E6C780 /* woshimingxing.xcdatamodel */ = {isa = PBXFileReference; lastKnownFileType = wrapper.xcdatamodel; path = woshimingxing.xcdatamodel; sourceTree = "<group>"; };
		2BE8BAED18601BED00E6C780 /* MainViewController.h */ = {isa = PBXFileReference; fileEncoding = 4; lastKnownFileType = sourcecode.c.h; path = MainViewController.h; sourceTree = "<group>"; };
		2BE8BAEE18601BED00E6C780 /* MainViewController.m */ = {isa = PBXFileReference; fileEncoding = 4; lastKnownFileType = sourcecode.c.objc; path = MainViewController.m; sourceTree = "<group>"; };
		2BE8BAF018601C3C00E6C780 /* BaseViewController.h */ = {isa = PBXFileReference; fileEncoding = 4; lastKnownFileType = sourcecode.c.h; path = BaseViewController.h; sourceTree = "<group>"; };
		2BE8BAF118601C3C00E6C780 /* BaseViewController.m */ = {isa = PBXFileReference; fileEncoding = 4; lastKnownFileType = sourcecode.c.objc; path = BaseViewController.m; sourceTree = "<group>"; };
		2BE8BAF218601C3C00E6C780 /* BaseViewController.xib */ = {isa = PBXFileReference; fileEncoding = 4; lastKnownFileType = file.xib; path = BaseViewController.xib; sourceTree = "<group>"; };
		2BE8BAF518601C5300E6C780 /* NavRootViewController.h */ = {isa = PBXFileReference; fileEncoding = 4; lastKnownFileType = sourcecode.c.h; path = NavRootViewController.h; sourceTree = "<group>"; };
		2BE8BAF618601C5300E6C780 /* NavRootViewController.m */ = {isa = PBXFileReference; fileEncoding = 4; lastKnownFileType = sourcecode.c.objc; path = NavRootViewController.m; sourceTree = "<group>"; };
		2BE8BAF718601C5300E6C780 /* NavRootViewController.xib */ = {isa = PBXFileReference; fileEncoding = 4; lastKnownFileType = file.xib; path = NavRootViewController.xib; sourceTree = "<group>"; };
		2BE8BAFA18601C6000E6C780 /* NormalViewController.h */ = {isa = PBXFileReference; fileEncoding = 4; lastKnownFileType = sourcecode.c.h; path = NormalViewController.h; sourceTree = "<group>"; };
		2BE8BAFB18601C6000E6C780 /* NormalViewController.m */ = {isa = PBXFileReference; fileEncoding = 4; lastKnownFileType = sourcecode.c.objc; path = NormalViewController.m; sourceTree = "<group>"; };
		2BE8BAFC18601C6000E6C780 /* NormalViewController.xib */ = {isa = PBXFileReference; fileEncoding = 4; lastKnownFileType = file.xib; path = NormalViewController.xib; sourceTree = "<group>"; };
		2BE8BB0118601C8500E6C780 /* tabbar_1.png */ = {isa = PBXFileReference; lastKnownFileType = image.png; path = tabbar_1.png; sourceTree = "<group>"; };
		2BE8BB0218601C8500E6C780 /* tabbar_2.png */ = {isa = PBXFileReference; lastKnownFileType = image.png; path = tabbar_2.png; sourceTree = "<group>"; };
		2BE8BB0318601C8500E6C780 /* tabbar_3.png */ = {isa = PBXFileReference; lastKnownFileType = image.png; path = tabbar_3.png; sourceTree = "<group>"; };
		2BE8BB0418601C8500E6C780 /* tabbar_4.png */ = {isa = PBXFileReference; lastKnownFileType = image.png; path = tabbar_4.png; sourceTree = "<group>"; };
		2BE8BB0518601C8500E6C780 /* selecttabbar_1.png */ = {isa = PBXFileReference; lastKnownFileType = image.png; path = selecttabbar_1.png; sourceTree = "<group>"; };
		2BE8BB0618601C8500E6C780 /* selecttabbar_3.png */ = {isa = PBXFileReference; lastKnownFileType = image.png; path = selecttabbar_3.png; sourceTree = "<group>"; };
		2BE8BB0718601C8500E6C780 /* selecttabbar_2.png */ = {isa = PBXFileReference; lastKnownFileType = image.png; path = selecttabbar_2.png; sourceTree = "<group>"; };
		2BE8BB0818601C8500E6C780 /* selecttabbar_4.png */ = {isa = PBXFileReference; lastKnownFileType = image.png; path = selecttabbar_4.png; sourceTree = "<group>"; };
		2BE8BB1218601CAF00E6C780 /* FirstViewController.h */ = {isa = PBXFileReference; fileEncoding = 4; lastKnownFileType = sourcecode.c.h; path = FirstViewController.h; sourceTree = "<group>"; };
		2BE8BB1318601CAF00E6C780 /* FirstViewController.m */ = {isa = PBXFileReference; fileEncoding = 4; lastKnownFileType = sourcecode.c.objc; path = FirstViewController.m; sourceTree = "<group>"; };
		2BE8BB1418601CAF00E6C780 /* FirstViewController.xib */ = {isa = PBXFileReference; fileEncoding = 4; lastKnownFileType = file.xib; path = FirstViewController.xib; sourceTree = "<group>"; };
		2BE8BB1718601CBB00E6C780 /* SecondViewController.h */ = {isa = PBXFileReference; fileEncoding = 4; lastKnownFileType = sourcecode.c.h; path = SecondViewController.h; sourceTree = "<group>"; };
		2BE8BB1818601CBB00E6C780 /* SecondViewController.m */ = {isa = PBXFileReference; fileEncoding = 4; lastKnownFileType = sourcecode.c.objc; path = SecondViewController.m; sourceTree = "<group>"; };
		2BE8BB1918601CBB00E6C780 /* SecondViewController.xib */ = {isa = PBXFileReference; fileEncoding = 4; lastKnownFileType = file.xib; path = SecondViewController.xib; sourceTree = "<group>"; };
		2BE8BB1C18601CD200E6C780 /* ThreeViewController.h */ = {isa = PBXFileReference; fileEncoding = 4; lastKnownFileType = sourcecode.c.h; path = ThreeViewController.h; sourceTree = "<group>"; };
		2BE8BB1D18601CD200E6C780 /* ThreeViewController.m */ = {isa = PBXFileReference; fileEncoding = 4; lastKnownFileType = sourcecode.c.objc; path = ThreeViewController.m; sourceTree = "<group>"; };
		2BE8BB1E18601CD200E6C780 /* ThreeViewController.xib */ = {isa = PBXFileReference; fileEncoding = 4; lastKnownFileType = file.xib; path = ThreeViewController.xib; sourceTree = "<group>"; };
		2BE8BB2118601CDF00E6C780 /* FourViewController.h */ = {isa = PBXFileReference; fileEncoding = 4; lastKnownFileType = sourcecode.c.h; path = FourViewController.h; sourceTree = "<group>"; };
		2BE8BB2218601CDF00E6C780 /* FourViewController.m */ = {isa = PBXFileReference; fileEncoding = 4; lastKnownFileType = sourcecode.c.objc; path = FourViewController.m; sourceTree = "<group>"; };
		2BE8BB2318601CDF00E6C780 /* FourViewController.xib */ = {isa = PBXFileReference; fileEncoding = 4; lastKnownFileType = file.xib; path = FourViewController.xib; sourceTree = "<group>"; };
		2BE8BB2618601CFA00E6C780 /* CONSTANT.h */ = {isa = PBXFileReference; fileEncoding = 4; lastKnownFileType = sourcecode.c.h; path = CONSTANT.h; sourceTree = "<group>"; };
/* End PBXFileReference section */

/* Begin PBXFrameworksBuildPhase section */
		2BE8BAC318601BB200E6C780 /* Frameworks */ = {
			isa = PBXFrameworksBuildPhase;
			buildActionMask = 2147483647;
			files = (
				2BE8BACA18601BB200E6C780 /* UIKit.framework in Frameworks */,
				2BE8BACC18601BB200E6C780 /* Foundation.framework in Frameworks */,
				2BE8BACE18601BB200E6C780 /* CoreGraphics.framework in Frameworks */,
				2BE8BAD018601BB200E6C780 /* CoreData.framework in Frameworks */,
			);
			runOnlyForDeploymentPostprocessing = 0;
		};
/* End PBXFrameworksBuildPhase section */

/* Begin PBXGroup section */
		2BD88CA61860312200AA731A /* custom */ = {
			isa = PBXGroup;
			children = (
				2BD88CA71860313600AA731A /* TabBarItem.h */,
				2BD88CA81860313600AA731A /* TabBarItem.m */,
			);
			name = custom;
			sourceTree = "<group>";
		};
		2BD88CAA1860329C00AA731A /* NormalVC */ = {
			isa = PBXGroup;
			children = (
				2BD88CAE186032CA00AA731A /* four */,
				2BD88CAD186032BF00AA731A /* three */,
				2BD88CAC186032B900AA731A /* second */,
				2BD88CAB186032B200AA731A /* first */,
			);
			name = NormalVC;
			sourceTree = "<group>";
		};
		2BD88CAB186032B200AA731A /* first */ = {
			isa = PBXGroup;
			children = (
				2BD88CAF186032E900AA731A /* First1ViewController.h */,
				2BD88CB0186032E900AA731A /* First1ViewController.m */,
				2BD88CB1186032E900AA731A /* First1ViewController.xib */,
			);
			name = first;
			sourceTree = "<group>";
		};
		2BD88CAC186032B900AA731A /* second */ = {
			isa = PBXGroup;
			children = (
				2BD88CB4186032F600AA731A /* Second1ViewController.h */,
				2BD88CB5186032F600AA731A /* Second1ViewController.m */,
				2BD88CB6186032F600AA731A /* Second1ViewController.xib */,
			);
			name = second;
			sourceTree = "<group>";
		};
		2BD88CAD186032BF00AA731A /* three */ = {
			isa = PBXGroup;
			children = (
				2BD88CB91860330100AA731A /* Three1ViewController.h */,
				2BD88CBA1860330100AA731A /* Three1ViewController.m */,
				2BD88CBB1860330100AA731A /* Three1ViewController.xib */,
			);
			name = three;
			sourceTree = "<group>";
		};
		2BD88CAE186032CA00AA731A /* four */ = {
			isa = PBXGroup;
			children = (
				2BD88CBE1860331500AA731A /* Four1ViewController.h */,
				2BD88CBF1860331500AA731A /* Four1ViewController.m */,
				2BD88CC01860331500AA731A /* Four1ViewController.xib */,
			);
			name = four;
			sourceTree = "<group>";
		};
		2BE8BABD18601BB200E6C780 = {
			isa = PBXGroup;
			children = (
				2BE8BAD118601BB200E6C780 /* woshimingxing */,
				2BE8BAC818601BB200E6C780 /* Frameworks */,
				2BE8BAC718601BB200E6C780 /* Products */,
			);
			sourceTree = "<group>";
		};
		2BE8BAC718601BB200E6C780 /* Products */ = {
			isa = PBXGroup;
			children = (
				2BE8BAC618601BB200E6C780 /* woshimingxing.app */,
			);
			name = Products;
			sourceTree = "<group>";
		};
		2BE8BAC818601BB200E6C780 /* Frameworks */ = {
			isa = PBXGroup;
			children = (
				2BE8BAC918601BB200E6C780 /* UIKit.framework */,
				2BE8BACB18601BB200E6C780 /* Foundation.framework */,
				2BE8BACD18601BB200E6C780 /* CoreGraphics.framework */,
				2BE8BACF18601BB200E6C780 /* CoreData.framework */,
			);
			name = Frameworks;
			sourceTree = "<group>";
		};
		2BE8BAD118601BB200E6C780 /* woshimingxing */ = {
			isa = PBXGroup;
			children = (
				2BE8BADA18601BB200E6C780 /* AppDelegate.h */,
				2BE8BADB18601BB200E6C780 /* AppDelegate.m */,
				2BE8BB2618601CFA00E6C780 /* CONSTANT.h */,
				2BD88CAA1860329C00AA731A /* NormalVC */,
				2BD88CA61860312200AA731A /* custom */,
				2BE8BB1118601C9300E6C780 /* NavRootVC */,
				2BE8BAEC18601BC800E6C780 /* base */,
				2BE8BAEB18601BB800E6C780 /* 控制台 */,
				2BE8BAE318601BB200E6C780 /* woshimingxing.xcdatamodeld */,
				2BE8BAD218601BB200E6C780 /* Supporting Files */,
			);
			path = woshimingxing;
			sourceTree = "<group>";
		};
		2BE8BAD218601BB200E6C780 /* Supporting Files */ = {
			isa = PBXGroup;
			children = (
				2BE8BAFF18601C6F00E6C780 /* images */,
				2BE8BAD318601BB200E6C780 /* woshimingxing-Info.plist */,
				2BE8BAD418601BB200E6C780 /* InfoPlist.strings */,
				2BE8BAD718601BB200E6C780 /* main.m */,
				2BE8BAD918601BB200E6C780 /* woshimingxing-Prefix.pch */,
				2BE8BADD18601BB200E6C780 /* Default.png */,
				2BE8BADF18601BB200E6C780 /* Default@2x.png */,
				2BE8BAE118601BB200E6C780 /* Default-568h@2x.png */,
			);
			name = "Supporting Files";
			sourceTree = "<group>";
		};
		2BE8BAEB18601BB800E6C780 /* 控制台 */ = {
			isa = PBXGroup;
			children = (
				2BE8BAED18601BED00E6C780 /* MainViewController.h */,
				2BE8BAEE18601BED00E6C780 /* MainViewController.m */,
			);
			name = "控制台";
			sourceTree = "<group>";
		};
		2BE8BAEC18601BC800E6C780 /* base */ = {
			isa = PBXGroup;
			children = (
				2BE8BAF018601C3C00E6C780 /* BaseViewController.h */,
				2BE8BAF118601C3C00E6C780 /* BaseViewController.m */,
				2BE8BAF218601C3C00E6C780 /* BaseViewController.xib */,
				2BE8BAF518601C5300E6C780 /* NavRootViewController.h */,
				2BE8BAF618601C5300E6C780 /* NavRootViewController.m */,
				2BE8BAF718601C5300E6C780 /* NavRootViewController.xib */,
				2BE8BAFA18601C6000E6C780 /* NormalViewController.h */,
				2BE8BAFB18601C6000E6C780 /* NormalViewController.m */,
				2BE8BAFC18601C6000E6C780 /* NormalViewController.xib */,
			);
			name = base;
			sourceTree = "<group>";
		};
		2BE8BAFF18601C6F00E6C780 /* images */ = {
			isa = PBXGroup;
			children = (
				2BE8BB0018601C7400E6C780 /* tabbar */,
			);
			name = images;
			sourceTree = "<group>";
		};
		2BE8BB0018601C7400E6C780 /* tabbar */ = {
			isa = PBXGroup;
			children = (
				2BE8BB0118601C8500E6C780 /* tabbar_1.png */,
				2BE8BB0218601C8500E6C780 /* tabbar_2.png */,
				2BE8BB0318601C8500E6C780 /* tabbar_3.png */,
				2BE8BB0418601C8500E6C780 /* tabbar_4.png */,
				2BE8BB0518601C8500E6C780 /* selecttabbar_1.png */,
				2BE8BB0618601C8500E6C780 /* selecttabbar_3.png */,
				2BE8BB0718601C8500E6C780 /* selecttabbar_2.png */,
				2BE8BB0818601C8500E6C780 /* selecttabbar_4.png */,
			);
			name = tabbar;
			sourceTree = "<group>";
		};
		2BE8BB1118601C9300E6C780 /* NavRootVC */ = {
			isa = PBXGroup;
			children = (
				2BE8BB1218601CAF00E6C780 /* FirstViewController.h */,
				2BE8BB1318601CAF00E6C780 /* FirstViewController.m */,
				2BE8BB1418601CAF00E6C780 /* FirstViewController.xib */,
				2BE8BB1718601CBB00E6C780 /* SecondViewController.h */,
				2BE8BB1818601CBB00E6C780 /* SecondViewController.m */,
				2BE8BB1918601CBB00E6C780 /* SecondViewController.xib */,
				2BE8BB1C18601CD200E6C780 /* ThreeViewController.h */,
				2BE8BB1D18601CD200E6C780 /* ThreeViewController.m */,
				2BE8BB1E18601CD200E6C780 /* ThreeViewController.xib */,
				2BE8BB2118601CDF00E6C780 /* FourViewController.h */,
				2BE8BB2218601CDF00E6C780 /* FourViewController.m */,
				2BE8BB2318601CDF00E6C780 /* FourViewController.xib */,
			);
			name = NavRootVC;
			sourceTree = "<group>";
		};
/* End PBXGroup section */

/* Begin PBXNativeTarget section */
		2BE8BAC518601BB200E6C780 /* woshimingxing */ = {
			isa = PBXNativeTarget;
			buildConfigurationList = 2BE8BAE818601BB300E6C780 /* Build configuration list for PBXNativeTarget "woshimingxing" */;
			buildPhases = (
				2BE8BAC218601BB200E6C780 /* Sources */,
				2BE8BAC318601BB200E6C780 /* Frameworks */,
				2BE8BAC418601BB200E6C780 /* Resources */,
			);
			buildRules = (
			);
			dependencies = (
			);
			name = woshimingxing;
			productName = woshimingxing;
			productReference = 2BE8BAC618601BB200E6C780 /* woshimingxing.app */;
			productType = "com.apple.product-type.application";
		};
/* End PBXNativeTarget section */

/* Begin PBXProject section */
		2BE8BABE18601BB200E6C780 /* Project object */ = {
			isa = PBXProject;
			attributes = {
				LastUpgradeCheck = 0460;
				ORGANIZATIONNAME = athudong;
			};
			buildConfigurationList = 2BE8BAC118601BB200E6C780 /* Build configuration list for PBXProject "woshimingxing" */;
			compatibilityVersion = "Xcode 3.2";
			developmentRegion = English;
			hasScannedForEncodings = 0;
			knownRegions = (
				en,
			);
			mainGroup = 2BE8BABD18601BB200E6C780;
			productRefGroup = 2BE8BAC718601BB200E6C780 /* Products */;
			projectDirPath = "";
			projectRoot = "";
			targets = (
				2BE8BAC518601BB200E6C780 /* woshimingxing */,
			);
		};
/* End PBXProject section */

/* Begin PBXResourcesBuildPhase section */
		2BE8BAC418601BB200E6C780 /* Resources */ = {
			isa = PBXResourcesBuildPhase;
			buildActionMask = 2147483647;
			files = (
				2BE8BAD618601BB200E6C780 /* InfoPlist.strings in Resources */,
				2BE8BADE18601BB200E6C780 /* Default.png in Resources */,
				2BE8BAE018601BB200E6C780 /* Default@2x.png in Resources */,
				2BE8BAE218601BB200E6C780 /* Default-568h@2x.png in Resources */,
				2BE8BAF418601C3C00E6C780 /* BaseViewController.xib in Resources */,
				2BE8BAF918601C5300E6C780 /* NavRootViewController.xib in Resources */,
				2BE8BAFE18601C6000E6C780 /* NormalViewController.xib in Resources */,
				2BE8BB0918601C8500E6C780 /* tabbar_1.png in Resources */,
				2BE8BB0A18601C8500E6C780 /* tabbar_2.png in Resources */,
				2BE8BB0B18601C8500E6C780 /* tabbar_3.png in Resources */,
				2BE8BB0C18601C8500E6C780 /* tabbar_4.png in Resources */,
				2BD88CC21860331500AA731A /* Four1ViewController.xib in Resources */,
				2BD88CB8186032F600AA731A /* Second1ViewController.xib in Resources */,
				2BE8BB0D18601C8500E6C780 /* selecttabbar_1.png in Resources */,
				2BE8BB0E18601C8500E6C780 /* selecttabbar_3.png in Resources */,
				2BD88CB3186032E900AA731A /* First1ViewController.xib in Resources */,
				2BE8BB0F18601C8500E6C780 /* selecttabbar_2.png in Resources */,
				2BE8BB1018601C8500E6C780 /* selecttabbar_4.png in Resources */,
				2BD88CBD1860330100AA731A /* Three1ViewController.xib in Resources */,
				2BE8BB1618601CAF00E6C780 /* FirstViewController.xib in Resources */,
				2BE8BB1B18601CBB00E6C780 /* SecondViewController.xib in Resources */,
				2BE8BB2018601CD200E6C780 /* ThreeViewController.xib in Resources */,
				2BE8BB2518601CDF00E6C780 /* FourViewController.xib in Resources */,
			);
			runOnlyForDeploymentPostprocessing = 0;
		};
/* End PBXResourcesBuildPhase section */

/* Begin PBXSourcesBuildPhase section */
		2BE8BAC218601BB200E6C780 /* Sources */ = {
			isa = PBXSourcesBuildPhase;
			buildActionMask = 2147483647;
			files = (
				2BD88CB2186032E900AA731A /* First1ViewController.m in Sources */,
				2BE8BAD818601BB200E6C780 /* main.m in Sources */,
				2BE8BADC18601BB200E6C780 /* AppDelegate.m in Sources */,
				2BE8BAE518601BB300E6C780 /* woshimingxing.xcdatamodeld in Sources */,
				2BE8BAEF18601BED00E6C780 /* MainViewController.m in Sources */,
				2BE8BAF318601C3C00E6C780 /* BaseViewController.m in Sources */,
				2BE8BAF818601C5300E6C780 /* NavRootViewController.m in Sources */,
				2BE8BAFD18601C6000E6C780 /* NormalViewController.m in Sources */,
				2BE8BB1518601CAF00E6C780 /* FirstViewController.m in Sources */,
				2BE8BB1A18601CBB00E6C780 /* SecondViewController.m in Sources */,
				2BD88CB7186032F600AA731A /* Second1ViewController.m in Sources */,
				2BE8BB1F18601CD200E6C780 /* ThreeViewController.m in Sources */,
				2BD88CC11860331500AA731A /* Four1ViewController.m in Sources */,
				2BD88CBC1860330100AA731A /* Three1ViewController.m in Sources */,
				2BD88CA91860313600AA731A /* TabBarItem.m in Sources */,
				2BE8BB2418601CDF00E6C780 /* FourViewController.m in Sources */,
			);
			runOnlyForDeploymentPostprocessing = 0;
		};
/* End PBXSourcesBuildPhase section */

/* Begin PBXVariantGroup section */
		2BE8BAD418601BB200E6C780 /* InfoPlist.strings */ = {
			isa = PBXVariantGroup;
			children = (
				2BE8BAD518601BB200E6C780 /* en */,
			);
			name = InfoPlist.strings;
			sourceTree = "<group>";
		};
/* End PBXVariantGroup section */

/* Begin XCBuildConfiguration section */
		2BE8BAE618601BB300E6C780 /* Debug */ = {
			isa = XCBuildConfiguration;
			buildSettings = {
				ALWAYS_SEARCH_USER_PATHS = NO;
				CLANG_CXX_LANGUAGE_STANDARD = "gnu++0x";
				CLANG_CXX_LIBRARY = "libc++";
				CLANG_WARN_CONSTANT_CONVERSION = YES;
				CLANG_WARN_EMPTY_BODY = YES;
				CLANG_WARN_ENUM_CONVERSION = YES;
				CLANG_WARN_INT_CONVERSION = YES;
				CLANG_WARN__DUPLICATE_METHOD_MATCH = YES;
				"CODE_SIGN_IDENTITY[sdk=iphoneos*]" = "iPhone Developer";
				COPY_PHASE_STRIP = NO;
				GCC_C_LANGUAGE_STANDARD = gnu99;
				GCC_DYNAMIC_NO_PIC = NO;
				GCC_OPTIMIZATION_LEVEL = 0;
				GCC_PREPROCESSOR_DEFINITIONS = (
					"DEBUG=1",
					"$(inherited)",
				);
				GCC_SYMBOLS_PRIVATE_EXTERN = NO;
				GCC_WARN_ABOUT_RETURN_TYPE = YES;
				GCC_WARN_UNINITIALIZED_AUTOS = YES;
				GCC_WARN_UNUSED_VARIABLE = YES;
				IPHONEOS_DEPLOYMENT_TARGET = 6.1;
				ONLY_ACTIVE_ARCH = YES;
				SDKROOT = iphoneos;
			};
			name = Debug;
		};
		2BE8BAE718601BB300E6C780 /* Release */ = {
			isa = XCBuildConfiguration;
			buildSettings = {
				ALWAYS_SEARCH_USER_PATHS = NO;
				CLANG_CXX_LANGUAGE_STANDARD = "gnu++0x";
				CLANG_CXX_LIBRARY = "libc++";
				CLANG_WARN_CONSTANT_CONVERSION = YES;
				CLANG_WARN_EMPTY_BODY = YES;
				CLANG_WARN_ENUM_CONVERSION = YES;
				CLANG_WARN_INT_CONVERSION = YES;
				CLANG_WARN__DUPLICATE_METHOD_MATCH = YES;
				"CODE_SIGN_IDENTITY[sdk=iphoneos*]" = "iPhone Developer";
				COPY_PHASE_STRIP = YES;
				GCC_C_LANGUAGE_STANDARD = gnu99;
				GCC_WARN_ABOUT_RETURN_TYPE = YES;
				GCC_WARN_UNINITIALIZED_AUTOS = YES;
				GCC_WARN_UNUSED_VARIABLE = YES;
				IPHONEOS_DEPLOYMENT_TARGET = 6.1;
				OTHER_CFLAGS = "-DNS_BLOCK_ASSERTIONS=1";
				SDKROOT = iphoneos;
				VALIDATE_PRODUCT = YES;
			};
			name = Release;
		};
		2BE8BAE918601BB300E6C780 /* Debug */ = {
			isa = XCBuildConfiguration;
			buildSettings = {
				GCC_PRECOMPILE_PREFIX_HEADER = YES;
				GCC_PREFIX_HEADER = "woshimingxing/woshimingxing-Prefix.pch";
				INFOPLIST_FILE = "woshimingxing/woshimingxing-Info.plist";
				PRODUCT_NAME = "$(TARGET_NAME)";
				WRAPPER_EXTENSION = app;
			};
			name = Debug;
		};
		2BE8BAEA18601BB300E6C780 /* Release */ = {
			isa = XCBuildConfiguration;
			buildSettings = {
				GCC_PRECOMPILE_PREFIX_HEADER = YES;
				GCC_PREFIX_HEADER = "woshimingxing/woshimingxing-Prefix.pch";
				INFOPLIST_FILE = "woshimingxing/woshimingxing-Info.plist";
				PRODUCT_NAME = "$(TARGET_NAME)";
				WRAPPER_EXTENSION = app;
			};
			name = Release;
		};
/* End XCBuildConfiguration section */

/* Begin XCConfigurationList section */
		2BE8BAC118601BB200E6C780 /* Build configuration list for PBXProject "woshimingxing" */ = {
			isa = XCConfigurationList;
			buildConfigurations = (
				2BE8BAE618601BB300E6C780 /* Debug */,
				2BE8BAE718601BB300E6C780 /* Release */,
			);
			defaultConfigurationIsVisible = 0;
			defaultConfigurationName = Release;
		};
		2BE8BAE818601BB300E6C780 /* Build configuration list for PBXNativeTarget "woshimingxing" */ = {
			isa = XCConfigurationList;
			buildConfigurations = (
				2BE8BAE918601BB300E6C780 /* Debug */,
				2BE8BAEA18601BB300E6C780 /* Release */,
			);
			defaultConfigurationIsVisible = 0;
			defaultConfigurationName = Release;
		};
/* End XCConfigurationList section */

/* Begin XCVersionGroup section */
		2BE8BAE318601BB200E6C780 /* woshimingxing.xcdatamodeld */ = {
			isa = XCVersionGroup;
			children = (
				2BE8BAE418601BB200E6C780 /* woshimingxing.xcdatamodel */,
			);
			currentVersion = 2BE8BAE418601BB200E6C780 /* woshimingxing.xcdatamodel */;
			path = woshimingxing.xcdatamodeld;
			sourceTree = "<group>";
			versionGroupType = wrapper.xcdatamodel;
		};
/* End XCVersionGroup section */
	};
	rootObject = 2BE8BABE18601BB200E6C780 /* Project object */;
}
